
Microsoft Visual Studio Solution File, Format Version 12.00
# Visual Studio Version 16
VisualStudioVersion = 16.0.29728.190
MinimumVisualStudioVersion = 10.0.40219.1
Project("{FAE04EC0-301F-11D3-BF4B-00C04F79EFBC}") = "FinalSportPlayer", "FinalSportPlayer\FinalSportPlayer.csproj", "{9E48C4B7-0604-445F-AE81-51055AFB71BC}"
EndProject
Global
	GlobalSection(SolutionConfigurationPlatforms) = preSolution
		Debug|Any CPU = Debug|Any CPU
		Release|Any CPU = Release|Any CPU
	EndGlobalSection
	GlobalSection(ProjectConfigurationPlatforms) = postSolution
		{9E48C4B7-0604-445F-AE81-51055AFB71BC}.Debug|Any CPU.ActiveCfg = Debug|Any CPU
		{9E48C4B7-0604-445F-AE81-51055AFB71BC}.Debug|Any CPU.Build.0 = Debug|Any CPU
		{9E48C4B7-0604-445F-AE81-51055AFB71BC}.Release|Any CPU.ActiveCfg = Release|Any CPU
		{9E48C4B7-0604-445F-AE81-51055AFB71BC}.Release|Any CPU.Build.0 = Release|Any CPU
	EndGlobalSection
	GlobalSection(SolutionProperties) = preSolution
		HideSolutionNode = FALSE
	EndGlobalSection
	GlobalSection(ExtensibilityGlobals) = postSolution
		SolutionGuid = {B60D332C-78A3-4E4F-934E-3AC5B3F0636B}
	EndGlobalSection
EndGlobal
